
Microsoft Visual Studio Solution File, Format Version 12.00
# Visual Studio Version 16
VisualStudioVersion = 16.0.30717.126
MinimumVisualStudioVersion = 10.0.40219.1
Project("{9A19103F-16F7-4668-BE54-9A1E7A4F7556}") = "WebApp", "WebApp\WebApp.csproj", "{30B6A1B4-671D-4DAD-AAA3-1731A5A24D7F}"
EndProject
Project("{9A19103F-16F7-4668-BE54-9A1E7A4F7556}") = "Data", "Data\Data.csproj", "{DDB77472-7A79-44A1-BE77-97EB3C0DD31F}"
EndProject
Project("{9A19103F-16F7-4668-BE54-9A1E7A4F7556}") = "Application", "Application\Application.csproj", "{EA26EDD1-BC86-4095-8D0F-F0A81E49EB57}"
EndProject
Project("{FAE04EC0-301F-11D3-BF4B-00C04F79EFBC}") = "Data.Test", "Data.Test\Data.Test.csproj", "{199F7306-8890-4047-8B29-0338E230F565}"
EndProject
Global
	GlobalSection(SolutionConfigurationPlatforms) = preSolution
		Debug|Any CPU = Debug|Any CPU
		Release|Any CPU = Release|Any CPU
	EndGlobalSection
	GlobalSection(ProjectConfigurationPlatforms) = postSolution
		{30B6A1B4-671D-4DAD-AAA3-1731A5A24D7F}.Debug|Any CPU.ActiveCfg = Debug|Any CPU
		{30B6A1B4-671D-4DAD-AAA3-1731A5A24D7F}.Debug|Any CPU.Build.0 = Debug|Any CPU
		{30B6A1B4-671D-4DAD-AAA3-1731A5A24D7F}.Release|Any CPU.ActiveCfg = Release|Any CPU
		{30B6A1B4-671D-4DAD-AAA3-1731A5A24D7F}.Release|Any CPU.Build.0 = Release|Any CPU
		{DDB77472-7A79-44A1-BE77-97EB3C0DD31F}.Debug|Any CPU.ActiveCfg = Debug|Any CPU
		{DDB77472-7A79-44A1-BE77-97EB3C0DD31F}.Debug|Any CPU.Build.0 = Debug|Any CPU
		{DDB77472-7A79-44A1-BE77-97EB3C0DD31F}.Release|Any CPU.ActiveCfg = Release|Any CPU
		{DDB77472-7A79-44A1-BE77-97EB3C0DD31F}.Release|Any CPU.Build.0 = Release|Any CPU
		{EA26EDD1-BC86-4095-8D0F-F0A81E49EB57}.Debug|Any CPU.ActiveCfg = Debug|Any CPU
		{EA26EDD1-BC86-4095-8D0F-F0A81E49EB57}.Debug|Any CPU.Build.0 = Debug|Any CPU
		{EA26EDD1-BC86-4095-8D0F-F0A81E49EB57}.Release|Any CPU.ActiveCfg = Release|Any CPU
		{EA26EDD1-BC86-4095-8D0F-F0A81E49EB57}.Release|Any CPU.Build.0 = Release|Any CPU
		{199F7306-8890-4047-8B29-0338E230F565}.Debug|Any CPU.ActiveCfg = Debug|Any CPU
		{199F7306-8890-4047-8B29-0338E230F565}.Debug|Any CPU.Build.0 = Debug|Any CPU
		{199F7306-8890-4047-8B29-0338E230F565}.Release|Any CPU.ActiveCfg = Release|Any CPU
		{199F7306-8890-4047-8B29-0338E230F565}.Release|Any CPU.Build.0 = Release|Any CPU
	EndGlobalSection
	GlobalSection(SolutionProperties) = preSolution
		HideSolutionNode = FALSE
	EndGlobalSection
	GlobalSection(ExtensibilityGlobals) = postSolution
		SolutionGuid = {37128F67-E5FD-404F-BD2E-33BDD562DB22}
	EndGlobalSection
EndGlobal
